
Microsoft Visual Studio Solution File, Format Version 12.00
# Visual Studio 14
VisualStudioVersion = 14.0.23107.0
MinimumVisualStudioVersion = 10.0.40219.1
Project("{FAE04EC0-301F-11D3-BF4B-00C04F79EFBC}") = "EJ01", "EJ01\EJ01.csproj", "{30369911-E253-4E3D-AF83-999EBF534A9B}"
EndProject
Project("{FAE04EC0-301F-11D3-BF4B-00C04F79EFBC}") = "EJ02", "EJ02\EJ02.csproj", "{9FA760E6-EA61-41FC-8B8C-1618F8D3D26D}"
EndProject
Global
	GlobalSection(SolutionConfigurationPlatforms) = preSolution
		Debug|Any CPU = Debug|Any CPU
		Release|Any CPU = Release|Any CPU
	EndGlobalSection
	GlobalSection(ProjectConfigurationPlatforms) = postSolution
		{30369911-E253-4E3D-AF83-999EBF534A9B}.Debug|Any CPU.ActiveCfg = Debug|Any CPU
		{30369911-E253-4E3D-AF83-999EBF534A9B}.Debug|Any CPU.Build.0 = Debug|Any CPU
		{30369911-E253-4E3D-AF83-999EBF534A9B}.Release|Any CPU.ActiveCfg = Release|Any CPU
		{30369911-E253-4E3D-AF83-999EBF534A9B}.Release|Any CPU.Build.0 = Release|Any CPU
		{9FA760E6-EA61-41FC-8B8C-1618F8D3D26D}.Debug|Any CPU.ActiveCfg = Debug|Any CPU
		{9FA760E6-EA61-41FC-8B8C-1618F8D3D26D}.Debug|Any CPU.Build.0 = Debug|Any CPU
		{9FA760E6-EA61-41FC-8B8C-1618F8D3D26D}.Release|Any CPU.ActiveCfg = Release|Any CPU
		{9FA760E6-EA61-41FC-8B8C-1618F8D3D26D}.Release|Any CPU.Build.0 = Release|Any CPU
	EndGlobalSection
	GlobalSection(SolutionProperties) = preSolution
		HideSolutionNode = FALSE
	EndGlobalSection
EndGlobal
