
Microsoft Visual Studio Solution File, Format Version 12.00
# Visual Studio 14
VisualStudioVersion = 14.0.23107.0
MinimumVisualStudioVersion = 10.0.40219.1
Project("{FAE04EC0-301F-11D3-BF4B-00C04F79EFBC}") = "EJ01", "EJ01\EJ01.csproj", "{30369911-E253-4E3D-AF83-999EBF534A9B}"
EndProject
Project("{FAE04EC0-301F-11D3-BF4B-00C04F79EFBC}") = "EJ02", "EJ02\EJ02.csproj", "{9FA760E6-EA61-41FC-8B8C-1618F8D3D26D}"
EndProject
Project("{FAE04EC0-301F-11D3-BF4B-00C04F79EFBC}") = "EJ03", "EJ03\EJ03.csproj", "{F3E9A733-327D-4C50-BC0F-07A6C81DEED5}"
EndProject
Project("{FAE04EC0-301F-11D3-BF4B-00C04F79EFBC}") = "EJ04", "EJ04\EJ04.csproj", "{3AFC92FC-DCAB-4C15-9D23-9FC9F49E80BE}"
EndProject
Project("{FAE04EC0-301F-11D3-BF4B-00C04F79EFBC}") = "EJ05", "EJ05\EJ05.csproj", "{5004353C-5C68-4D1C-9486-079EFF097F49}"
EndProject
Project("{FAE04EC0-301F-11D3-BF4B-00C04F79EFBC}") = "EJ06", "EJ06\EJ06.csproj", "{3D3DA9EF-86E7-4001-A396-371A43B65DDE}"
EndProject
Project("{FAE04EC0-301F-11D3-BF4B-00C04F79EFBC}") = "EJ07", "EJ07\EJ07.csproj", "{3C379386-4BB5-4867-A65A-BB6B1A12E129}"
EndProject
Project("{FAE04EC0-301F-11D3-BF4B-00C04F79EFBC}") = "EJ04.Test", "\\Platinumice\d\Dropbox\UTN\FRCU\TALLER DE PROGRAMACIÓN\Visual Studio 2015 Ramiro\TP03\EJ04.Test\EJ04.Test.csproj", "{54BE9563-9FEF-4695-B840-7ACD57B12673}"
EndProject
Project("{FAE04EC0-301F-11D3-BF4B-00C04F79EFBC}") = "EJ08", "EJ08\EJ08.csproj", "{1C139D45-C220-4975-A120-20751AE1E035}"
EndProject
Global
	GlobalSection(SolutionConfigurationPlatforms) = preSolution
		Debug|Any CPU = Debug|Any CPU
		Release|Any CPU = Release|Any CPU
	EndGlobalSection
	GlobalSection(ProjectConfigurationPlatforms) = postSolution
		{30369911-E253-4E3D-AF83-999EBF534A9B}.Debug|Any CPU.ActiveCfg = Debug|Any CPU
		{30369911-E253-4E3D-AF83-999EBF534A9B}.Debug|Any CPU.Build.0 = Debug|Any CPU
		{30369911-E253-4E3D-AF83-999EBF534A9B}.Release|Any CPU.ActiveCfg = Release|Any CPU
		{30369911-E253-4E3D-AF83-999EBF534A9B}.Release|Any CPU.Build.0 = Release|Any CPU
		{9FA760E6-EA61-41FC-8B8C-1618F8D3D26D}.Debug|Any CPU.ActiveCfg = Debug|Any CPU
		{9FA760E6-EA61-41FC-8B8C-1618F8D3D26D}.Debug|Any CPU.Build.0 = Debug|Any CPU
		{9FA760E6-EA61-41FC-8B8C-1618F8D3D26D}.Release|Any CPU.ActiveCfg = Release|Any CPU
		{9FA760E6-EA61-41FC-8B8C-1618F8D3D26D}.Release|Any CPU.Build.0 = Release|Any CPU
		{F3E9A733-327D-4C50-BC0F-07A6C81DEED5}.Debug|Any CPU.ActiveCfg = Debug|Any CPU
		{F3E9A733-327D-4C50-BC0F-07A6C81DEED5}.Debug|Any CPU.Build.0 = Debug|Any CPU
		{F3E9A733-327D-4C50-BC0F-07A6C81DEED5}.Release|Any CPU.ActiveCfg = Release|Any CPU
		{F3E9A733-327D-4C50-BC0F-07A6C81DEED5}.Release|Any CPU.Build.0 = Release|Any CPU
		{3AFC92FC-DCAB-4C15-9D23-9FC9F49E80BE}.Debug|Any CPU.ActiveCfg = Debug|Any CPU
		{3AFC92FC-DCAB-4C15-9D23-9FC9F49E80BE}.Debug|Any CPU.Build.0 = Debug|Any CPU
		{3AFC92FC-DCAB-4C15-9D23-9FC9F49E80BE}.Release|Any CPU.ActiveCfg = Release|Any CPU
		{3AFC92FC-DCAB-4C15-9D23-9FC9F49E80BE}.Release|Any CPU.Build.0 = Release|Any CPU
		{5004353C-5C68-4D1C-9486-079EFF097F49}.Debug|Any CPU.ActiveCfg = Debug|Any CPU
		{5004353C-5C68-4D1C-9486-079EFF097F49}.Debug|Any CPU.Build.0 = Debug|Any CPU
		{5004353C-5C68-4D1C-9486-079EFF097F49}.Release|Any CPU.ActiveCfg = Release|Any CPU
		{5004353C-5C68-4D1C-9486-079EFF097F49}.Release|Any CPU.Build.0 = Release|Any CPU
		{3D3DA9EF-86E7-4001-A396-371A43B65DDE}.Debug|Any CPU.ActiveCfg = Debug|Any CPU
		{3D3DA9EF-86E7-4001-A396-371A43B65DDE}.Debug|Any CPU.Build.0 = Debug|Any CPU
		{3D3DA9EF-86E7-4001-A396-371A43B65DDE}.Release|Any CPU.ActiveCfg = Release|Any CPU
		{3D3DA9EF-86E7-4001-A396-371A43B65DDE}.Release|Any CPU.Build.0 = Release|Any CPU
		{3C379386-4BB5-4867-A65A-BB6B1A12E129}.Debug|Any CPU.ActiveCfg = Debug|Any CPU
		{3C379386-4BB5-4867-A65A-BB6B1A12E129}.Debug|Any CPU.Build.0 = Debug|Any CPU
		{3C379386-4BB5-4867-A65A-BB6B1A12E129}.Release|Any CPU.ActiveCfg = Release|Any CPU
		{3C379386-4BB5-4867-A65A-BB6B1A12E129}.Release|Any CPU.Build.0 = Release|Any CPU
		{54BE9563-9FEF-4695-B840-7ACD57B12673}.Debug|Any CPU.ActiveCfg = Debug|Any CPU
		{54BE9563-9FEF-4695-B840-7ACD57B12673}.Debug|Any CPU.Build.0 = Debug|Any CPU
		{54BE9563-9FEF-4695-B840-7ACD57B12673}.Release|Any CPU.ActiveCfg = Release|Any CPU
		{54BE9563-9FEF-4695-B840-7ACD57B12673}.Release|Any CPU.Build.0 = Release|Any CPU
		{1C139D45-C220-4975-A120-20751AE1E035}.Debug|Any CPU.ActiveCfg = Debug|Any CPU
		{1C139D45-C220-4975-A120-20751AE1E035}.Debug|Any CPU.Build.0 = Debug|Any CPU
		{1C139D45-C220-4975-A120-20751AE1E035}.Release|Any CPU.ActiveCfg = Release|Any CPU
		{1C139D45-C220-4975-A120-20751AE1E035}.Release|Any CPU.Build.0 = Release|Any CPU
	EndGlobalSection
	GlobalSection(SolutionProperties) = preSolution
		HideSolutionNode = FALSE
	EndGlobalSection
EndGlobal
